
Microsoft Visual Studio Solution File, Format Version 12.00
# Visual Studio Version 17
VisualStudioVersion = 17.0.31903.59
MinimumVisualStudioVersion = 10.0.40219.1
Project("{2150E333-8FDC-42A3-9474-1A3956D46DE8}") = "src", "src", "{D884DAA8-0D37-4116-A242-9B1BD3CA9B82}"
EndProject
Project("{2150E333-8FDC-42A3-9474-1A3956D46DE8}") = "Building Blocks", "Building Blocks", "{91C21C1E-0DE9-4011-8F24-7A45502D2F25}"
EndProject
Project("{2150E333-8FDC-42A3-9474-1A3956D46DE8}") = "Core", "Core", "{C1160E35-10E9-45CD-ADE5-75F09EA4C1BB}"
EndProject
Project("{FAE04EC0-301F-11D3-BF4B-00C04F79EFBC}") = "NSE.Core", "src\Building Blocks\Core\NSE.Core\NSE.Core.csproj", "{7FCDFC65-5DEA-4B7C-821D-5992FCD029BD}"
EndProject
Project("{2150E333-8FDC-42A3-9474-1A3956D46DE8}") = "Web", "Web", "{F1979606-5EFE-482E-A01E-1E7FBCC805B9}"
EndProject
Project("{2150E333-8FDC-42A3-9474-1A3956D46DE8}") = "MVC", "MVC", "{82D534BA-F9C9-47A4-B794-DD8567F15E00}"
EndProject
Project("{FAE04EC0-301F-11D3-BF4B-00C04F79EFBC}") = "NSE.WebApp.MVC", "src\Web\MVC\NSE.WebApp.MVC\NSE.WebApp.MVC.csproj", "{AA5D1060-90EA-467F-89F7-25A3CAAA71B1}"
EndProject
Project("{2150E333-8FDC-42A3-9474-1A3956D46DE8}") = "Services", "Services", "{BD6DEBB1-4257-4E68-9F0A-3B873168DE93}"
EndProject
Project("{2150E333-8FDC-42A3-9474-1A3956D46DE8}") = "Identidade", "Identidade", "{BF7EE6E2-2F21-4F3D-A912-AF8C8A41325F}"
EndProject
Project("{FAE04EC0-301F-11D3-BF4B-00C04F79EFBC}") = "NSE.Identidade.API", "src\Services\Identidade\NSE.Identidade.API\NSE.Identidade.API.csproj", "{903BCDF4-DDFF-4ABE-9A56-CA96C54C1C53}"
EndProject
Project("{2150E333-8FDC-42A3-9474-1A3956D46DE8}") = "Caminho", "Caminho", "{594D81FA-4F1D-4426-B735-D5592314562D}"
EndProject
Project("{FAE04EC0-301F-11D3-BF4B-00C04F79EFBC}") = "NSE.Caminho.API", "src\Services\Caminho\NSE.Caminho.API\NSE.Caminho.API.csproj", "{F185DFCC-7A53-46B7-A832-CECD60583DF4}"
EndProject
Project("{2150E333-8FDC-42A3-9474-1A3956D46DE8}") = "Catalogo", "Catalogo", "{57265553-804B-4FE1-B7B7-0064D445C07F}"
EndProject
Project("{FAE04EC0-301F-11D3-BF4B-00C04F79EFBC}") = "NSE.Catalogo.API", "src\Services\Catalogo\NSE.Catalogo.API\NSE.Catalogo.API.csproj", "{2C65E0A5-A39B-476C-BCB7-E3B65CC94A6C}"
EndProject
Project("{2150E333-8FDC-42A3-9474-1A3956D46DE8}") = "Cliente", "Cliente", "{281F77B4-C588-48D6-A82B-9FB55F326DE7}"
EndProject
Project("{FAE04EC0-301F-11D3-BF4B-00C04F79EFBC}") = "NSE.Cliente.API", "src\Services\Cliente\NSE.Cliente.API\NSE.Cliente.API.csproj", "{2D5DE975-D18C-4D2F-B406-264C6C322F97}"
EndProject
Project("{2150E333-8FDC-42A3-9474-1A3956D46DE8}") = "Pagamento", "Pagamento", "{E5659C3B-C97D-440E-90C9-61E402B03A0C}"
EndProject
Project("{FAE04EC0-301F-11D3-BF4B-00C04F79EFBC}") = "NSE.Pagamento.API", "src\Services\Pagamento\NSE.Pagamento.API\NSE.Pagamento.API.csproj", "{90607724-3282-4F74-B32A-895153B2C869}"
EndProject
Project("{2150E333-8FDC-42A3-9474-1A3956D46DE8}") = "Pedido", "Pedido", "{9C8CC355-FD85-4148-9B8E-398FE22D2452}"
EndProject
Project("{FAE04EC0-301F-11D3-BF4B-00C04F79EFBC}") = "NSE.Pedido.API", "src\Services\Pedido\NSE.Pedido.API\NSE.Pedido.API.csproj", "{C782C688-75C1-4D64-81A9-50397AD33B16}"
EndProject
Global
	GlobalSection(SolutionConfigurationPlatforms) = preSolution
		Debug|Any CPU = Debug|Any CPU
		Release|Any CPU = Release|Any CPU
	EndGlobalSection
	GlobalSection(SolutionProperties) = preSolution
		HideSolutionNode = FALSE
	EndGlobalSection
	GlobalSection(ProjectConfigurationPlatforms) = postSolution
		{7FCDFC65-5DEA-4B7C-821D-5992FCD029BD}.Debug|Any CPU.ActiveCfg = Debug|Any CPU
		{7FCDFC65-5DEA-4B7C-821D-5992FCD029BD}.Debug|Any CPU.Build.0 = Debug|Any CPU
		{7FCDFC65-5DEA-4B7C-821D-5992FCD029BD}.Release|Any CPU.ActiveCfg = Release|Any CPU
		{7FCDFC65-5DEA-4B7C-821D-5992FCD029BD}.Release|Any CPU.Build.0 = Release|Any CPU
		{AA5D1060-90EA-467F-89F7-25A3CAAA71B1}.Debug|Any CPU.ActiveCfg = Debug|Any CPU
		{AA5D1060-90EA-467F-89F7-25A3CAAA71B1}.Debug|Any CPU.Build.0 = Debug|Any CPU
		{AA5D1060-90EA-467F-89F7-25A3CAAA71B1}.Release|Any CPU.ActiveCfg = Release|Any CPU
		{AA5D1060-90EA-467F-89F7-25A3CAAA71B1}.Release|Any CPU.Build.0 = Release|Any CPU
		{903BCDF4-DDFF-4ABE-9A56-CA96C54C1C53}.Debug|Any CPU.ActiveCfg = Debug|Any CPU
		{903BCDF4-DDFF-4ABE-9A56-CA96C54C1C53}.Debug|Any CPU.Build.0 = Debug|Any CPU
		{903BCDF4-DDFF-4ABE-9A56-CA96C54C1C53}.Release|Any CPU.ActiveCfg = Release|Any CPU
		{903BCDF4-DDFF-4ABE-9A56-CA96C54C1C53}.Release|Any CPU.Build.0 = Release|Any CPU
		{F185DFCC-7A53-46B7-A832-CECD60583DF4}.Debug|Any CPU.ActiveCfg = Debug|Any CPU
		{F185DFCC-7A53-46B7-A832-CECD60583DF4}.Debug|Any CPU.Build.0 = Debug|Any CPU
		{F185DFCC-7A53-46B7-A832-CECD60583DF4}.Release|Any CPU.ActiveCfg = Release|Any CPU
		{F185DFCC-7A53-46B7-A832-CECD60583DF4}.Release|Any CPU.Build.0 = Release|Any CPU
		{2C65E0A5-A39B-476C-BCB7-E3B65CC94A6C}.Debug|Any CPU.ActiveCfg = Debug|Any CPU
		{2C65E0A5-A39B-476C-BCB7-E3B65CC94A6C}.Debug|Any CPU.Build.0 = Debug|Any CPU
		{2C65E0A5-A39B-476C-BCB7-E3B65CC94A6C}.Release|Any CPU.ActiveCfg = Release|Any CPU
		{2C65E0A5-A39B-476C-BCB7-E3B65CC94A6C}.Release|Any CPU.Build.0 = Release|Any CPU
		{2D5DE975-D18C-4D2F-B406-264C6C322F97}.Debug|Any CPU.ActiveCfg = Debug|Any CPU
		{2D5DE975-D18C-4D2F-B406-264C6C322F97}.Debug|Any CPU.Build.0 = Debug|Any CPU
		{2D5DE975-D18C-4D2F-B406-264C6C322F97}.Release|Any CPU.ActiveCfg = Release|Any CPU
		{2D5DE975-D18C-4D2F-B406-264C6C322F97}.Release|Any CPU.Build.0 = Release|Any CPU
		{90607724-3282-4F74-B32A-895153B2C869}.Debug|Any CPU.ActiveCfg = Debug|Any CPU
		{90607724-3282-4F74-B32A-895153B2C869}.Debug|Any CPU.Build.0 = Debug|Any CPU
		{90607724-3282-4F74-B32A-895153B2C869}.Release|Any CPU.ActiveCfg = Release|Any CPU
		{90607724-3282-4F74-B32A-895153B2C869}.Release|Any CPU.Build.0 = Release|Any CPU
		{C782C688-75C1-4D64-81A9-50397AD33B16}.Debug|Any CPU.ActiveCfg = Debug|Any CPU
		{C782C688-75C1-4D64-81A9-50397AD33B16}.Debug|Any CPU.Build.0 = Debug|Any CPU
		{C782C688-75C1-4D64-81A9-50397AD33B16}.Release|Any CPU.ActiveCfg = Release|Any CPU
		{C782C688-75C1-4D64-81A9-50397AD33B16}.Release|Any CPU.Build.0 = Release|Any CPU
	EndGlobalSection
	GlobalSection(NestedProjects) = preSolution
		{91C21C1E-0DE9-4011-8F24-7A45502D2F25} = {D884DAA8-0D37-4116-A242-9B1BD3CA9B82}
		{C1160E35-10E9-45CD-ADE5-75F09EA4C1BB} = {91C21C1E-0DE9-4011-8F24-7A45502D2F25}
		{7FCDFC65-5DEA-4B7C-821D-5992FCD029BD} = {C1160E35-10E9-45CD-ADE5-75F09EA4C1BB}
		{F1979606-5EFE-482E-A01E-1E7FBCC805B9} = {D884DAA8-0D37-4116-A242-9B1BD3CA9B82}
		{82D534BA-F9C9-47A4-B794-DD8567F15E00} = {F1979606-5EFE-482E-A01E-1E7FBCC805B9}
		{AA5D1060-90EA-467F-89F7-25A3CAAA71B1} = {82D534BA-F9C9-47A4-B794-DD8567F15E00}
		{BD6DEBB1-4257-4E68-9F0A-3B873168DE93} = {D884DAA8-0D37-4116-A242-9B1BD3CA9B82}
		{BF7EE6E2-2F21-4F3D-A912-AF8C8A41325F} = {BD6DEBB1-4257-4E68-9F0A-3B873168DE93}
		{903BCDF4-DDFF-4ABE-9A56-CA96C54C1C53} = {BF7EE6E2-2F21-4F3D-A912-AF8C8A41325F}
		{594D81FA-4F1D-4426-B735-D5592314562D} = {BD6DEBB1-4257-4E68-9F0A-3B873168DE93}
		{F185DFCC-7A53-46B7-A832-CECD60583DF4} = {594D81FA-4F1D-4426-B735-D5592314562D}
		{57265553-804B-4FE1-B7B7-0064D445C07F} = {BD6DEBB1-4257-4E68-9F0A-3B873168DE93}
		{2C65E0A5-A39B-476C-BCB7-E3B65CC94A6C} = {57265553-804B-4FE1-B7B7-0064D445C07F}
		{281F77B4-C588-48D6-A82B-9FB55F326DE7} = {BD6DEBB1-4257-4E68-9F0A-3B873168DE93}
		{2D5DE975-D18C-4D2F-B406-264C6C322F97} = {281F77B4-C588-48D6-A82B-9FB55F326DE7}
		{E5659C3B-C97D-440E-90C9-61E402B03A0C} = {BD6DEBB1-4257-4E68-9F0A-3B873168DE93}
		{90607724-3282-4F74-B32A-895153B2C869} = {E5659C3B-C97D-440E-90C9-61E402B03A0C}
		{9C8CC355-FD85-4148-9B8E-398FE22D2452} = {BD6DEBB1-4257-4E68-9F0A-3B873168DE93}
		{C782C688-75C1-4D64-81A9-50397AD33B16} = {9C8CC355-FD85-4148-9B8E-398FE22D2452}
	EndGlobalSection
EndGlobal
